// !$*UTF8*$!
{
	archiveVersion = 1;
	classes = {
	};
	objectVersion = 46;
	objects = {

/* Begin PBXBuildFile section */
		372E9AAC1AE9DA6100AE617D /* AppDelegate.swift in Sources */ = {isa = PBXBuildFile; fileRef = 372E9AAB1AE9DA6100AE617D /* AppDelegate.swift */; };
		372E9AAE1AE9DA6100AE617D /* ViewController.swift in Sources */ = {isa = PBXBuildFile; fileRef = 372E9AAD1AE9DA6100AE617D /* ViewController.swift */; };
		372E9AB11AE9DA6100AE617D /* Main.storyboard in Resources */ = {isa = PBXBuildFile; fileRef = 372E9AAF1AE9DA6100AE617D /* Main.storyboard */; };
		372E9AB31AE9DA6100AE617D /* Images.xcassets in Resources */ = {isa = PBXBuildFile; fileRef = 372E9AB21AE9DA6100AE617D /* Images.xcassets */; };
		372E9AB61AE9DA6100AE617D /* LaunchScreen.xib in Resources */ = {isa = PBXBuildFile; fileRef = 372E9AB41AE9DA6100AE617D /* LaunchScreen.xib */; };
		372E9AC21AE9DA6100AE617D /* Solid_ButterTests.swift in Sources */ = {isa = PBXBuildFile; fileRef = 372E9AC11AE9DA6100AE617D /* Solid_ButterTests.swift */; };
		3791B2931AE9E1030095DD1B /* AddCardsView.swift in Sources */ = {isa = PBXBuildFile; fileRef = 3791B2921AE9E1030095DD1B /* AddCardsView.swift */; };
		3791B2951AE9E1320095DD1B /* PlayView.swift in Sources */ = {isa = PBXBuildFile; fileRef = 3791B2941AE9E1320095DD1B /* PlayView.swift */; };
		3791B2971AE9E1480095DD1B /* ResultView.swift in Sources */ = {isa = PBXBuildFile; fileRef = 3791B2961AE9E1480095DD1B /* ResultView.swift */; };
		8423AB9C1AE9DBF9004B01E7 /* Model.swift in Sources */ = {isa = PBXBuildFile; fileRef = 8423AB9B1AE9DBF9004B01E7 /* Model.swift */; };
/* End PBXBuildFile section */

/* Begin PBXContainerItemProxy section */
		372E9ABC1AE9DA6100AE617D /* PBXContainerItemProxy */ = {
			isa = PBXContainerItemProxy;
			containerPortal = 372E9A9E1AE9DA6100AE617D /* Project object */;
			proxyType = 1;
			remoteGlobalIDString = 372E9AA51AE9DA6100AE617D;
			remoteInfo = "Solid Butter";
		};
/* End PBXContainerItemProxy section */

/* Begin PBXFileReference section */
		372E9AA61AE9DA6100AE617D /* Solid Butter.app */ = {isa = PBXFileReference; explicitFileType = wrapper.application; includeInIndex = 0; path = "Solid Butter.app"; sourceTree = BUILT_PRODUCTS_DIR; };
		372E9AAA1AE9DA6100AE617D /* Info.plist */ = {isa = PBXFileReference; lastKnownFileType = text.plist.xml; path = Info.plist; sourceTree = "<group>"; };
		372E9AAB1AE9DA6100AE617D /* AppDelegate.swift */ = {isa = PBXFileReference; lastKnownFileType = sourcecode.swift; path = AppDelegate.swift; sourceTree = "<group>"; };
		372E9AAD1AE9DA6100AE617D /* ViewController.swift */ = {isa = PBXFileReference; lastKnownFileType = sourcecode.swift; path = ViewController.swift; sourceTree = "<group>"; };
		372E9AB01AE9DA6100AE617D /* Base */ = {isa = PBXFileReference; lastKnownFileType = file.storyboard; name = Base; path = Base.lproj/Main.storyboard; sourceTree = "<group>"; };
		372E9AB21AE9DA6100AE617D /* Images.xcassets */ = {isa = PBXFileReference; lastKnownFileType = folder.assetcatalog; path = Images.xcassets; sourceTree = "<group>"; };
		372E9AB51AE9DA6100AE617D /* Base */ = {isa = PBXFileReference; lastKnownFileType = file.xib; name = Base; path = Base.lproj/LaunchScreen.xib; sourceTree = "<group>"; };
		372E9ABB1AE9DA6100AE617D /* Solid ButterTests.xctest */ = {isa = PBXFileReference; explicitFileType = wrapper.cfbundle; includeInIndex = 0; path = "Solid ButterTests.xctest"; sourceTree = BUILT_PRODUCTS_DIR; };
		372E9AC01AE9DA6100AE617D /* Info.plist */ = {isa = PBXFileReference; lastKnownFileType = text.plist.xml; path = Info.plist; sourceTree = "<group>"; };
		372E9AC11AE9DA6100AE617D /* Solid_ButterTests.swift */ = {isa = PBXFileReference; lastKnownFileType = sourcecode.swift; path = Solid_ButterTests.swift; sourceTree = "<group>"; };
		3791B2921AE9E1030095DD1B /* AddCardsView.swift */ = {isa = PBXFileReference; fileEncoding = 4; lastKnownFileType = sourcecode.swift; path = AddCardsView.swift; sourceTree = "<group>"; };
		3791B2941AE9E1320095DD1B /* PlayView.swift */ = {isa = PBXFileReference; fileEncoding = 4; lastKnownFileType = sourcecode.swift; path = PlayView.swift; sourceTree = "<group>"; };
		3791B2961AE9E1480095DD1B /* ResultView.swift */ = {isa = PBXFileReference; fileEncoding = 4; lastKnownFileType = sourcecode.swift; path = ResultView.swift; sourceTree = "<group>"; };
		8423AB9B1AE9DBF9004B01E7 /* Model.swift */ = {isa = PBXFileReference; fileEncoding = 4; lastKnownFileType = sourcecode.swift; path = Model.swift; sourceTree = "<group>"; };
/* End PBXFileReference section */

/* Begin PBXFrameworksBuildPhase section */
		372E9AA31AE9DA6100AE617D /* Frameworks */ = {
			isa = PBXFrameworksBuildPhase;
			buildActionMask = 2147483647;
			files = (
			);
			runOnlyForDeploymentPostprocessing = 0;
		};
		372E9AB81AE9DA6100AE617D /* Frameworks */ = {
			isa = PBXFrameworksBuildPhase;
			buildActionMask = 2147483647;
			files = (
			);
			runOnlyForDeploymentPostprocessing = 0;
		};
/* End PBXFrameworksBuildPhase section */

/* Begin PBXGroup section */
		372E9A9D1AE9DA6100AE617D = {
			isa = PBXGroup;
			children = (
				372E9AA81AE9DA6100AE617D /* Solid Butter */,
				372E9ABE1AE9DA6100AE617D /* Solid ButterTests */,
				372E9AA71AE9DA6100AE617D /* Products */,
			);
			sourceTree = "<group>";
		};
		372E9AA71AE9DA6100AE617D /* Products */ = {
			isa = PBXGroup;
			children = (
				372E9AA61AE9DA6100AE617D /* Solid Butter.app */,
				372E9ABB1AE9DA6100AE617D /* Solid ButterTests.xctest */,
			);
			name = Products;
			sourceTree = "<group>";
		};
		372E9AA81AE9DA6100AE617D /* Solid Butter */ = {
			isa = PBXGroup;
			children = (
				372E9AAB1AE9DA6100AE617D /* AppDelegate.swift */,
				372E9AAD1AE9DA6100AE617D /* ViewController.swift */,
				372E9AAF1AE9DA6100AE617D /* Main.storyboard */,
				372E9AB21AE9DA6100AE617D /* Images.xcassets */,
				372E9AB41AE9DA6100AE617D /* LaunchScreen.xib */,
				3791B2921AE9E1030095DD1B /* AddCardsView.swift */,
				3791B2941AE9E1320095DD1B /* PlayView.swift */,
				3791B2961AE9E1480095DD1B /* ResultView.swift */,
				372E9AA91AE9DA6100AE617D /* Supporting Files */,
				8423AB9B1AE9DBF9004B01E7 /* Model.swift */,
			);
			path = "Solid Butter";
			sourceTree = "<group>";
		};
		372E9AA91AE9DA6100AE617D /* Supporting Files */ = {
			isa = PBXGroup;
			children = (
				372E9AAA1AE9DA6100AE617D /* Info.plist */,
			);
			name = "Supporting Files";
			sourceTree = "<group>";
		};
		372E9ABE1AE9DA6100AE617D /* Solid ButterTests */ = {
			isa = PBXGroup;
			children = (
				372E9AC11AE9DA6100AE617D /* Solid_ButterTests.swift */,
				372E9ABF1AE9DA6100AE617D /* Supporting Files */,
			);
			path = "Solid ButterTests";
			sourceTree = "<group>";
		};
		372E9ABF1AE9DA6100AE617D /* Supporting Files */ = {
			isa = PBXGroup;
			children = (
				372E9AC01AE9DA6100AE617D /* Info.plist */,
			);
			name = "Supporting Files";
			sourceTree = "<group>";
		};
/* End PBXGroup section */

/* Begin PBXNativeTarget section */
		372E9AA51AE9DA6100AE617D /* Solid Butter */ = {
			isa = PBXNativeTarget;
			buildConfigurationList = 372E9AC51AE9DA6100AE617D /* Build configuration list for PBXNativeTarget "Solid Butter" */;
			buildPhases = (
				372E9AA21AE9DA6100AE617D /* Sources */,
				372E9AA31AE9DA6100AE617D /* Frameworks */,
				372E9AA41AE9DA6100AE617D /* Resources */,
			);
			buildRules = (
			);
			dependencies = (
			);
			name = "Solid Butter";
			productName = "Solid Butter";
			productReference = 372E9AA61AE9DA6100AE617D /* Solid Butter.app */;
			productType = "com.apple.product-type.application";
		};
		372E9ABA1AE9DA6100AE617D /* Solid ButterTests */ = {
			isa = PBXNativeTarget;
			buildConfigurationList = 372E9AC81AE9DA6100AE617D /* Build configuration list for PBXNativeTarget "Solid ButterTests" */;
			buildPhases = (
				372E9AB71AE9DA6100AE617D /* Sources */,
				372E9AB81AE9DA6100AE617D /* Frameworks */,
				372E9AB91AE9DA6100AE617D /* Resources */,
			);
			buildRules = (
			);
			dependencies = (
				372E9ABD1AE9DA6100AE617D /* PBXTargetDependency */,
			);
			name = "Solid ButterTests";
			productName = "Solid ButterTests";
			productReference = 372E9ABB1AE9DA6100AE617D /* Solid ButterTests.xctest */;
			productType = "com.apple.product-type.bundle.unit-test";
		};
/* End PBXNativeTarget section */

/* Begin PBXProject section */
		372E9A9E1AE9DA6100AE617D /* Project object */ = {
			isa = PBXProject;
			attributes = {
				LastUpgradeCheck = 0630;
				ORGANIZATIONNAME = "Dan ";
				TargetAttributes = {
					372E9AA51AE9DA6100AE617D = {
						CreatedOnToolsVersion = 6.3.1;
					};
					372E9ABA1AE9DA6100AE617D = {
						CreatedOnToolsVersion = 6.3.1;
						TestTargetID = 372E9AA51AE9DA6100AE617D;
					};
				};
			};
			buildConfigurationList = 372E9AA11AE9DA6100AE617D /* Build configuration list for PBXProject "Solid Butter" */;
			compatibilityVersion = "Xcode 3.2";
			developmentRegion = English;
			hasScannedForEncodings = 0;
			knownRegions = (
				en,
				Base,
			);
			mainGroup = 372E9A9D1AE9DA6100AE617D;
			productRefGroup = 372E9AA71AE9DA6100AE617D /* Products */;
			projectDirPath = "";
			projectRoot = "";
			targets = (
				372E9AA51AE9DA6100AE617D /* Solid Butter */,
				372E9ABA1AE9DA6100AE617D /* Solid ButterTests */,
			);
		};
/* End PBXProject section */

/* Begin PBXResourcesBuildPhase section */
		372E9AA41AE9DA6100AE617D /* Resources */ = {
			isa = PBXResourcesBuildPhase;
			buildActionMask = 2147483647;
			files = (
				372E9AB11AE9DA6100AE617D /* Main.storyboard in Resources */,
				372E9AB61AE9DA6100AE617D /* LaunchScreen.xib in Resources */,
				372E9AB31AE9DA6100AE617D /* Images.xcassets in Resources */,
			);
			runOnlyForDeploymentPostprocessing = 0;
		};
		372E9AB91AE9DA6100AE617D /* Resources */ = {
			isa = PBXResourcesBuildPhase;
			buildActionMask = 2147483647;
			files = (
			);
			runOnlyForDeploymentPostprocessing = 0;
		};
/* End PBXResourcesBuildPhase section */

/* Begin PBXSourcesBuildPhase section */
		372E9AA21AE9DA6100AE617D /* Sources */ = {
			isa = PBXSourcesBuildPhase;
			buildActionMask = 2147483647;
			files = (
				8423AB9C1AE9DBF9004B01E7 /* Model.swift in Sources */,
				372E9AAE1AE9DA6100AE617D /* ViewController.swift in Sources */,
				3791B2931AE9E1030095DD1B /* AddCardsView.swift in Sources */,
				3791B2951AE9E1320095DD1B /* PlayView.swift in Sources */,
				372E9AAC1AE9DA6100AE617D /* AppDelegate.swift in Sources */,
				3791B2971AE9E1480095DD1B /* ResultView.swift in Sources */,
			);
			runOnlyForDeploymentPostprocessing = 0;
		};
		372E9AB71AE9DA6100AE617D /* Sources */ = {
			isa = PBXSourcesBuildPhase;
			buildActionMask = 2147483647;
			files = (
				372E9AC21AE9DA6100AE617D /* Solid_ButterTests.swift in Sources */,
			);
			runOnlyForDeploymentPostprocessing = 0;
		};
/* End PBXSourcesBuildPhase section */

/* Begin PBXTargetDependency section */
		372E9ABD1AE9DA6100AE617D /* PBXTargetDependency */ = {
			isa = PBXTargetDependency;
			target = 372E9AA51AE9DA6100AE617D /* Solid Butter */;
			targetProxy = 372E9ABC1AE9DA6100AE617D /* PBXContainerItemProxy */;
		};
/* End PBXTargetDependency section */

/* Begin PBXVariantGroup section */
		372E9AAF1AE9DA6100AE617D /* Main.storyboard */ = {
			isa = PBXVariantGroup;
			children = (
				372E9AB01AE9DA6100AE617D /* Base */,
			);
			name = Main.storyboard;
			sourceTree = "<group>";
		};
		372E9AB41AE9DA6100AE617D /* LaunchScreen.xib */ = {
			isa = PBXVariantGroup;
			children = (
				372E9AB51AE9DA6100AE617D /* Base */,
			);
			name = LaunchScreen.xib;
			sourceTree = "<group>";
		};
/* End PBXVariantGroup section */

/* Begin XCBuildConfiguration section */
		372E9AC31AE9DA6100AE617D /* Debug */ = {
			isa = XCBuildConfiguration;
			buildSettings = {
				ALWAYS_SEARCH_USER_PATHS = NO;
				CLANG_CXX_LANGUAGE_STANDARD = "gnu++0x";
				CLANG_CXX_LIBRARY = "libc++";
				CLANG_ENABLE_MODULES = YES;
				CLANG_ENABLE_OBJC_ARC = YES;
				CLANG_WARN_BOOL_CONVERSION = YES;
				CLANG_WARN_CONSTANT_CONVERSION = YES;
				CLANG_WARN_DIRECT_OBJC_ISA_USAGE = YES_ERROR;
				CLANG_WARN_EMPTY_BODY = YES;
				CLANG_WARN_ENUM_CONVERSION = YES;
				CLANG_WARN_INT_CONVERSION = YES;
				CLANG_WARN_OBJC_ROOT_CLASS = YES_ERROR;
				CLANG_WARN_UNREACHABLE_CODE = YES;
				CLANG_WARN__DUPLICATE_METHOD_MATCH = YES;
				"CODE_SIGN_IDENTITY[sdk=iphoneos*]" = "iPhone Developer";
				COPY_PHASE_STRIP = NO;
				DEBUG_INFORMATION_FORMAT = "dwarf-with-dsym";
				ENABLE_STRICT_OBJC_MSGSEND = YES;
				GCC_C_LANGUAGE_STANDARD = gnu99;
				GCC_DYNAMIC_NO_PIC = NO;
				GCC_NO_COMMON_BLOCKS = YES;
				GCC_OPTIMIZATION_LEVEL = 0;
				GCC_PREPROCESSOR_DEFINITIONS = (
					"DEBUG=1",
					"$(inherited)",
				);
				GCC_SYMBOLS_PRIVATE_EXTERN = NO;
				GCC_WARN_64_TO_32_BIT_CONVERSION = YES;
				GCC_WARN_ABOUT_RETURN_TYPE = YES_ERROR;
				GCC_WARN_UNDECLARED_SELECTOR = YES;
				GCC_WARN_UNINITIALIZED_AUTOS = YES_AGGRESSIVE;
				GCC_WARN_UNUSED_FUNCTION = YES;
				GCC_WARN_UNUSED_VARIABLE = YES;
				IPHONEOS_DEPLOYMENT_TARGET = 8.3;
				MTL_ENABLE_DEBUG_INFO = YES;
				ONLY_ACTIVE_ARCH = YES;
				SDKROOT = iphoneos;
				SWIFT_OPTIMIZATION_LEVEL = "-Onone";
			};
			name = Debug;
		};
		372E9AC41AE9DA6100AE617D /* Release */ = {
			isa = XCBuildConfiguration;
			buildSettings = {
				ALWAYS_SEARCH_USER_PATHS = NO;
				CLANG_CXX_LANGUAGE_STANDARD = "gnu++0x";
				CLANG_CXX_LIBRARY = "libc++";
				CLANG_ENABLE_MODULES = YES;
				CLANG_ENABLE_OBJC_ARC = YES;
				CLANG_WARN_BOOL_CONVERSION = YES;
				CLANG_WARN_CONSTANT_CONVERSION = YES;
				CLANG_WARN_DIRECT_OBJC_ISA_USAGE = YES_ERROR;
				CLANG_WARN_EMPTY_BODY = YES;
				CLANG_WARN_ENUM_CONVERSION = YES;
				CLANG_WARN_INT_CONVERSION = YES;
				CLANG_WARN_OBJC_ROOT_CLASS = YES_ERROR;
				CLANG_WARN_UNREACHABLE_CODE = YES;
				CLANG_WARN__DUPLICATE_METHOD_MATCH = YES;
				"CODE_SIGN_IDENTITY[sdk=iphoneos*]" = "iPhone Developer";
				COPY_PHASE_STRIP = NO;
				DEBUG_INFORMATION_FORMAT = "dwarf-with-dsym";
				ENABLE_NS_ASSERTIONS = NO;
				ENABLE_STRICT_OBJC_MSGSEND = YES;
				GCC_C_LANGUAGE_STANDARD = gnu99;
				GCC_NO_COMMON_BLOCKS = YES;
				GCC_WARN_64_TO_32_BIT_CONVERSION = YES;
				GCC_WARN_ABOUT_RETURN_TYPE = YES_ERROR;
				GCC_WARN_UNDECLARED_SELECTOR = YES;
				GCC_WARN_UNINITIALIZED_AUTOS = YES_AGGRESSIVE;
				GCC_WARN_UNUSED_FUNCTION = YES;
				GCC_WARN_UNUSED_VARIABLE = YES;
				IPHONEOS_DEPLOYMENT_TARGET = 8.3;
				MTL_ENABLE_DEBUG_INFO = NO;
				SDKROOT = iphoneos;
				VALIDATE_PRODUCT = YES;
			};
			name = Release;
		};
		372E9AC61AE9DA6100AE617D /* Debug */ = {
			isa = XCBuildConfiguration;
			buildSettings = {
				ASSETCATALOG_COMPILER_APPICON_NAME = AppIcon;
				INFOPLIST_FILE = "Solid Butter/Info.plist";
				LD_RUNPATH_SEARCH_PATHS = "$(inherited) @executable_path/Frameworks";
				PRODUCT_NAME = "$(TARGET_NAME)";
			};
			name = Debug;
		};
		372E9AC71AE9DA6100AE617D /* Release */ = {
			isa = XCBuildConfiguration;
			buildSettings = {
				ASSETCATALOG_COMPILER_APPICON_NAME = AppIcon;
				INFOPLIST_FILE = "Solid Butter/Info.plist";
				LD_RUNPATH_SEARCH_PATHS = "$(inherited) @executable_path/Frameworks";
				PRODUCT_NAME = "$(TARGET_NAME)";
			};
			name = Release;
		};
		372E9AC91AE9DA6100AE617D /* Debug */ = {
			isa = XCBuildConfiguration;
			buildSettings = {
				BUNDLE_LOADER = "$(TEST_HOST)";
				FRAMEWORK_SEARCH_PATHS = (
					"$(SDKROOT)/Developer/Library/Frameworks",
					"$(inherited)",
				);
				GCC_PREPROCESSOR_DEFINITIONS = (
					"DEBUG=1",
					"$(inherited)",
				);
				INFOPLIST_FILE = "Solid ButterTests/Info.plist";
				LD_RUNPATH_SEARCH_PATHS = "$(inherited) @executable_path/Frameworks @loader_path/Frameworks";
				PRODUCT_NAME = "$(TARGET_NAME)";
				TEST_HOST = "$(BUILT_PRODUCTS_DIR)/Solid Butter.app/Solid Butter";
			};
			name = Debug;
		};
		372E9ACA1AE9DA6100AE617D /* Release */ = {
			isa = XCBuildConfiguration;
			buildSettings = {
				BUNDLE_LOADER = "$(TEST_HOST)";
				FRAMEWORK_SEARCH_PATHS = (
					"$(SDKROOT)/Developer/Library/Frameworks",
					"$(inherited)",
				);
				INFOPLIST_FILE = "Solid ButterTests/Info.plist";
				LD_RUNPATH_SEARCH_PATHS = "$(inherited) @executable_path/Frameworks @loader_path/Frameworks";
				PRODUCT_NAME = "$(TARGET_NAME)";
				TEST_HOST = "$(BUILT_PRODUCTS_DIR)/Solid Butter.app/Solid Butter";
			};
			name = Release;
		};
/* End XCBuildConfiguration section */

/* Begin XCConfigurationList section */
		372E9AA11AE9DA6100AE617D /* Build configuration list for PBXProject "Solid Butter" */ = {
			isa = XCConfigurationList;
			buildConfigurations = (
				372E9AC31AE9DA6100AE617D /* Debug */,
				372E9AC41AE9DA6100AE617D /* Release */,
			);
			defaultConfigurationIsVisible = 0;
			defaultConfigurationName = Release;
		};
		372E9AC51AE9DA6100AE617D /* Build configuration list for PBXNativeTarget "Solid Butter" */ = {
			isa = XCConfigurationList;
			buildConfigurations = (
				372E9AC61AE9DA6100AE617D /* Debug */,
				372E9AC71AE9DA6100AE617D /* Release */,
			);
			defaultConfigurationIsVisible = 0;
			defaultConfigurationName = Release;
		};
		372E9AC81AE9DA6100AE617D /* Build configuration list for PBXNativeTarget "Solid ButterTests" */ = {
			isa = XCConfigurationList;
			buildConfigurations = (
				372E9AC91AE9DA6100AE617D /* Debug */,
				372E9ACA1AE9DA6100AE617D /* Release */,
			);
			defaultConfigurationIsVisible = 0;
			defaultConfigurationName = Release;
		};
/* End XCConfigurationList section */
	};
	rootObject = 372E9A9E1AE9DA6100AE617D /* Project object */;
}
